
Microsoft Visual Studio Solution File, Format Version 12.00
# Visual Studio 14
VisualStudioVersion = 14.0.25420.1
MinimumVisualStudioVersion = 10.0.40219.1
Project("{FAE04EC0-301F-11D3-BF4B-00C04F79EFBC}") = "CSCInvoke", "CSCInvoke\CSCInvoke.csproj", "{69BBE6A5-6098-4644-AFE1-BA22E68E0804}"
EndProject
Project("{FAE04EC0-301F-11D3-BF4B-00C04F79EFBC}") = "WorkFlowAdapter", "WorkFlowAdapter\WorkFlowAdapter.csproj", "{9436A465-71E7-4FED-BC52-960F412CDB4D}"
	ProjectSection(ProjectDependencies) = postProject
		{69BBE6A5-6098-4644-AFE1-BA22E68E0804} = {69BBE6A5-6098-4644-AFE1-BA22E68E0804}
	EndProjectSection
EndProject
Project("{FAE04EC0-301F-11D3-BF4B-00C04F79EFBC}") = "NextLabs.Diagnostic", "Nextlabs.Diagnostic\NextLabs.Diagnostic.csproj", "{037C72F7-1568-4117-B8CB-4D1C66A99BE2}"
EndProject
Global
	GlobalSection(SolutionConfigurationPlatforms) = preSolution
		Debug|Any CPU = Debug|Any CPU
		Release|Any CPU = Release|Any CPU
	EndGlobalSection
	GlobalSection(ProjectConfigurationPlatforms) = postSolution
		{69BBE6A5-6098-4644-AFE1-BA22E68E0804}.Debug|Any CPU.ActiveCfg = Debug|Any CPU
		{69BBE6A5-6098-4644-AFE1-BA22E68E0804}.Debug|Any CPU.Build.0 = Debug|Any CPU
		{69BBE6A5-6098-4644-AFE1-BA22E68E0804}.Release|Any CPU.ActiveCfg = Release|Any CPU
		{69BBE6A5-6098-4644-AFE1-BA22E68E0804}.Release|Any CPU.Build.0 = Release|Any CPU
		{9436A465-71E7-4FED-BC52-960F412CDB4D}.Debug|Any CPU.ActiveCfg = Debug|Any CPU
		{9436A465-71E7-4FED-BC52-960F412CDB4D}.Debug|Any CPU.Build.0 = Debug|Any CPU
		{9436A465-71E7-4FED-BC52-960F412CDB4D}.Release|Any CPU.ActiveCfg = Release|Any CPU
		{9436A465-71E7-4FED-BC52-960F412CDB4D}.Release|Any CPU.Build.0 = Release|Any CPU
		{037C72F7-1568-4117-B8CB-4D1C66A99BE2}.Debug|Any CPU.ActiveCfg = Debug|Any CPU
		{037C72F7-1568-4117-B8CB-4D1C66A99BE2}.Debug|Any CPU.Build.0 = Debug|Any CPU
		{037C72F7-1568-4117-B8CB-4D1C66A99BE2}.Release|Any CPU.ActiveCfg = Release|Any CPU
		{037C72F7-1568-4117-B8CB-4D1C66A99BE2}.Release|Any CPU.Build.0 = Release|Any CPU
	EndGlobalSection
	GlobalSection(SolutionProperties) = preSolution
		HideSolutionNode = FALSE
	EndGlobalSection
EndGlobal
