
Microsoft Visual Studio Solution File, Format Version 12.00
# Visual Studio 14
VisualStudioVersion = 14.0.25420.1
MinimumVisualStudioVersion = 10.0.40219.1
Project("{FAE04EC0-301F-11D3-BF4B-00C04F79EFBC}") = "NextLabs.Deployment", "NextLabs.Deployment\NextLabs.Deployment.csproj", "{F138643D-64B9-4354-B8A8-B78D004FDF53}"
EndProject
Project("{FAE04EC0-301F-11D3-BF4B-00C04F79EFBC}") = "Nextlabs.Entitlement.Wizard", "Nextlabs.Entitlement.Wizard\Nextlabs.Entitlement.Wizard.csproj", "{A136CB01-C788-4CEB-94F0-2847AF736492}"
EndProject
Project("{FAE04EC0-301F-11D3-BF4B-00C04F79EFBC}") = "Nextlabs.SPE.Console.SPEAdmin", "Nextlabs.SPE.Console.SPEAdmin\Nextlabs.SPE.Console.SPEAdmin.csproj", "{DF9415D5-756C-4A9A-B892-163B5AE6EA6B}"
EndProject
Global
	GlobalSection(SolutionConfigurationPlatforms) = preSolution
		SP2016Debug|Any CPU = SP2016Debug|Any CPU
		SP2016Release|Any CPU = SP2016Release|Any CPU
		SP2019Debug|Any CPU = SP2019Debug|Any CPU
		SP2019Release|Any CPU = SP2019Release|Any CPU
	EndGlobalSection
	GlobalSection(ProjectConfigurationPlatforms) = postSolution
		{F138643D-64B9-4354-B8A8-B78D004FDF53}.SP2016Debug|Any CPU.ActiveCfg = SP2016Debug|Any CPU
		{F138643D-64B9-4354-B8A8-B78D004FDF53}.SP2016Debug|Any CPU.Build.0 = SP2016Debug|Any CPU
		{F138643D-64B9-4354-B8A8-B78D004FDF53}.SP2016Debug|Any CPU.Deploy.0 = SP2016Debug|Any CPU
		{F138643D-64B9-4354-B8A8-B78D004FDF53}.SP2016Release|Any CPU.ActiveCfg = SP2016Release|Any CPU
		{F138643D-64B9-4354-B8A8-B78D004FDF53}.SP2016Release|Any CPU.Build.0 = SP2016Release|Any CPU
		{F138643D-64B9-4354-B8A8-B78D004FDF53}.SP2016Release|Any CPU.Deploy.0 = SP2016Release|Any CPU
		{F138643D-64B9-4354-B8A8-B78D004FDF53}.SP2019Debug|Any CPU.ActiveCfg = SP2019Debug|Any CPU
		{F138643D-64B9-4354-B8A8-B78D004FDF53}.SP2019Debug|Any CPU.Build.0 = SP2019Debug|Any CPU
		{F138643D-64B9-4354-B8A8-B78D004FDF53}.SP2019Debug|Any CPU.Deploy.0 = SP2019Debug|Any CPU
		{F138643D-64B9-4354-B8A8-B78D004FDF53}.SP2019Release|Any CPU.ActiveCfg = SP2019Release|Any CPU
		{F138643D-64B9-4354-B8A8-B78D004FDF53}.SP2019Release|Any CPU.Build.0 = SP2019Release|Any CPU
		{F138643D-64B9-4354-B8A8-B78D004FDF53}.SP2019Release|Any CPU.Deploy.0 = SP2019Release|Any CPU
		{A136CB01-C788-4CEB-94F0-2847AF736492}.SP2016Debug|Any CPU.ActiveCfg = SP2016Debug|Any CPU
		{A136CB01-C788-4CEB-94F0-2847AF736492}.SP2016Debug|Any CPU.Build.0 = SP2016Debug|Any CPU
		{A136CB01-C788-4CEB-94F0-2847AF736492}.SP2016Release|Any CPU.ActiveCfg = SP2016Release|Any CPU
		{A136CB01-C788-4CEB-94F0-2847AF736492}.SP2016Release|Any CPU.Build.0 = SP2016Release|Any CPU
		{A136CB01-C788-4CEB-94F0-2847AF736492}.SP2019Debug|Any CPU.ActiveCfg = SP2019Debug|Any CPU
		{A136CB01-C788-4CEB-94F0-2847AF736492}.SP2019Debug|Any CPU.Build.0 = SP2019Debug|Any CPU
		{A136CB01-C788-4CEB-94F0-2847AF736492}.SP2019Release|Any CPU.ActiveCfg = SP2019Release|Any CPU
		{A136CB01-C788-4CEB-94F0-2847AF736492}.SP2019Release|Any CPU.Build.0 = SP2019Release|Any CPU
		{DF9415D5-756C-4A9A-B892-163B5AE6EA6B}.SP2016Debug|Any CPU.ActiveCfg = SP2016Debug|Any CPU
		{DF9415D5-756C-4A9A-B892-163B5AE6EA6B}.SP2016Debug|Any CPU.Build.0 = SP2016Debug|Any CPU
		{DF9415D5-756C-4A9A-B892-163B5AE6EA6B}.SP2016Release|Any CPU.ActiveCfg = SP2016Release|Any CPU
		{DF9415D5-756C-4A9A-B892-163B5AE6EA6B}.SP2016Release|Any CPU.Build.0 = SP2016Release|Any CPU
		{DF9415D5-756C-4A9A-B892-163B5AE6EA6B}.SP2019Debug|Any CPU.ActiveCfg = SP2019Debug|Any CPU
		{DF9415D5-756C-4A9A-B892-163B5AE6EA6B}.SP2019Debug|Any CPU.Build.0 = SP2019Debug|Any CPU
		{DF9415D5-756C-4A9A-B892-163B5AE6EA6B}.SP2019Release|Any CPU.ActiveCfg = SP2019Release|Any CPU
		{DF9415D5-756C-4A9A-B892-163B5AE6EA6B}.SP2019Release|Any CPU.Build.0 = SP2019Release|Any CPU
	EndGlobalSection
	GlobalSection(SolutionProperties) = preSolution
		HideSolutionNode = FALSE
	EndGlobalSection
EndGlobal
