
Microsoft Visual Studio Solution File, Format Version 12.00
# Visual Studio Version 16
VisualStudioVersion = 16.0.30309.148
MinimumVisualStudioVersion = 10.0.40219.1
Project("{FAE04EC0-301F-11D3-BF4B-00C04F79EFBC}") = "CSCInvoke", "Common\Managed\CSCInvoke\CSCInvoke.csproj", "{69BBE6A5-6098-4644-AFE1-BA22E68E0804}"
EndProject
Project("{FAE04EC0-301F-11D3-BF4B-00C04F79EFBC}") = "WorkFlowAdapter", "Common\Managed\WorkFlowAdapter\WorkFlowAdapter.csproj", "{9436A465-71E7-4FED-BC52-960F412CDB4D}"
	ProjectSection(ProjectDependencies) = postProject
		{69BBE6A5-6098-4644-AFE1-BA22E68E0804} = {69BBE6A5-6098-4644-AFE1-BA22E68E0804}
	EndProjectSection
EndProject
Project("{FAE04EC0-301F-11D3-BF4B-00C04F79EFBC}") = "NextLabs.Diagnostic", "Common\Managed\Nextlabs.Diagnostic\NextLabs.Diagnostic.csproj", "{037C72F7-1568-4117-B8CB-4D1C66A99BE2}"
EndProject
Project("{FAE04EC0-301F-11D3-BF4B-00C04F79EFBC}") = "NextLabs.Common", "SharePoint\SPCommon\NextLabs.Common\NextLabs.Common.csproj", "{4BDDA6F2-7BEE-4CEB-893D-9C40568F0237}"
	ProjectSection(ProjectDependencies) = postProject
		{69BBE6A5-6098-4644-AFE1-BA22E68E0804} = {69BBE6A5-6098-4644-AFE1-BA22E68E0804}
		{037C72F7-1568-4117-B8CB-4D1C66A99BE2} = {037C72F7-1568-4117-B8CB-4D1C66A99BE2}
	EndProjectSection
EndProject
Project("{FAE04EC0-301F-11D3-BF4B-00C04F79EFBC}") = "Nextlabs.SPEConfigModule", "SharePoint\SPCommon\Nextlabs.SPEConfigModule\Nextlabs.SPEConfigModule.csproj", "{98406550-E9D7-4141-BD1A-4D7954ABE9B6}"
EndProject
Project("{FAE04EC0-301F-11D3-BF4B-00C04F79EFBC}") = "SharepointConfigModifier", "SharePoint\SPCommon\SharepointConfigModifier\SharepointConfigModifier.csproj", "{3FEC91CB-76D6-4D14-90E5-535F5F50BE96}"
EndProject
Project("{FAE04EC0-301F-11D3-BF4B-00C04F79EFBC}") = "ceSPService", "SharePoint\SPEnforcement\ceSPService\ceSPService.csproj", "{4C4349C6-8891-41CE-BACF-F55F4C276572}"
EndProject
Project("{FAE04EC0-301F-11D3-BF4B-00C04F79EFBC}") = "EventHandlers", "SharePoint\SPEnforcement\EventHandlers\EventHandlers.csproj", "{544C5397-0455-4144-A8F8-3B487C75C3B6}"
	ProjectSection(ProjectDependencies) = postProject
		{2F242683-ED5C-4DA3-97F1-D361DACFECEA} = {2F242683-ED5C-4DA3-97F1-D361DACFECEA}
		{69BBE6A5-6098-4644-AFE1-BA22E68E0804} = {69BBE6A5-6098-4644-AFE1-BA22E68E0804}
		{4BDDA6F2-7BEE-4CEB-893D-9C40568F0237} = {4BDDA6F2-7BEE-4CEB-893D-9C40568F0237}
		{037C72F7-1568-4117-B8CB-4D1C66A99BE2} = {037C72F7-1568-4117-B8CB-4D1C66A99BE2}
		{69CB0AF9-1B1F-4B4A-A05E-0A50CF55B12E} = {69CB0AF9-1B1F-4B4A-A05E-0A50CF55B12E}
	EndProjectSection
EndProject
Project("{FAE04EC0-301F-11D3-BF4B-00C04F79EFBC}") = "IrmSettingTool", "SharePoint\SPEnforcement\IrmSettingTool\IrmSettingTool.csproj", "{D0F88E49-D010-46C3-A2FA-C99E9BE81227}"
	ProjectSection(ProjectDependencies) = postProject
		{98406550-E9D7-4141-BD1A-4D7954ABE9B6} = {98406550-E9D7-4141-BD1A-4D7954ABE9B6}
	EndProjectSection
EndProject
Project("{FAE04EC0-301F-11D3-BF4B-00C04F79EFBC}") = "NextLabs.PLE", "SharePoint\SPEnforcement\NextLabs.PLE\NextLabs.PLE.csproj", "{69CB0AF9-1B1F-4B4A-A05E-0A50CF55B12E}"
	ProjectSection(ProjectDependencies) = postProject
		{98406550-E9D7-4141-BD1A-4D7954ABE9B6} = {98406550-E9D7-4141-BD1A-4D7954ABE9B6}
		{69BBE6A5-6098-4644-AFE1-BA22E68E0804} = {69BBE6A5-6098-4644-AFE1-BA22E68E0804}
		{4BDDA6F2-7BEE-4CEB-893D-9C40568F0237} = {4BDDA6F2-7BEE-4CEB-893D-9C40568F0237}
		{037C72F7-1568-4117-B8CB-4D1C66A99BE2} = {037C72F7-1568-4117-B8CB-4D1C66A99BE2}
	EndProjectSection
EndProject
Project("{FAE04EC0-301F-11D3-BF4B-00C04F79EFBC}") = "Nextlabs.SPSecurityTrimming", "SharePoint\SPEnforcement\Nextlabs.SPSecurityTrimming\Nextlabs.SPSecurityTrimming.csproj", "{2F242683-ED5C-4DA3-97F1-D361DACFECEA}"
	ProjectSection(ProjectDependencies) = postProject
		{69BBE6A5-6098-4644-AFE1-BA22E68E0804} = {69BBE6A5-6098-4644-AFE1-BA22E68E0804}
		{4BDDA6F2-7BEE-4CEB-893D-9C40568F0237} = {4BDDA6F2-7BEE-4CEB-893D-9C40568F0237}
		{037C72F7-1568-4117-B8CB-4D1C66A99BE2} = {037C72F7-1568-4117-B8CB-4D1C66A99BE2}
	EndProjectSection
EndProject
Project("{FAE04EC0-301F-11D3-BF4B-00C04F79EFBC}") = "Nextlabs.Entitlement.Wizard", "SharePoint\SPEDeploy\Nextlabs.Entitlement.Wizard\Nextlabs.Entitlement.Wizard.csproj", "{A136CB01-C788-4CEB-94F0-2847AF736492}"
EndProject
Project("{FAE04EC0-301F-11D3-BF4B-00C04F79EFBC}") = "Nextlabs.SPE.Console.SPEAdmin", "SharePoint\SPEDeploy\Nextlabs.SPE.Console.SPEAdmin\Nextlabs.SPE.Console.SPEAdmin.csproj", "{DF9415D5-756C-4A9A-B892-163B5AE6EA6B}"
	ProjectSection(ProjectDependencies) = postProject
		{2F242683-ED5C-4DA3-97F1-D361DACFECEA} = {2F242683-ED5C-4DA3-97F1-D361DACFECEA}
		{4BDDA6F2-7BEE-4CEB-893D-9C40568F0237} = {4BDDA6F2-7BEE-4CEB-893D-9C40568F0237}
	EndProjectSection
EndProject
Project("{FAE04EC0-301F-11D3-BF4B-00C04F79EFBC}") = "JsonRAP", "Plugins\JsonRAP\JsonRAP.csproj", "{EC31097C-4958-4547-9E6F-AEDA5D1B2AAA}"
	ProjectSection(ProjectDependencies) = postProject
		{4BDDA6F2-7BEE-4CEB-893D-9C40568F0237} = {4BDDA6F2-7BEE-4CEB-893D-9C40568F0237}
		{037C72F7-1568-4117-B8CB-4D1C66A99BE2} = {037C72F7-1568-4117-B8CB-4D1C66A99BE2}
	EndProjectSection
EndProject
Project("{FAE04EC0-301F-11D3-BF4B-00C04F79EFBC}") = "NextLabs.Deployment", "SharePoint\SPEDeploy\NextLabs.DePloymentEx\NextLabs.Deployment.csproj", "{9AA022EB-20E7-4119-823C-BF03A9B95873}"
	ProjectSection(ProjectDependencies) = postProject
		{A136CB01-C788-4CEB-94F0-2847AF736492} = {A136CB01-C788-4CEB-94F0-2847AF736492}
		{D0F88E49-D010-46C3-A2FA-C99E9BE81227} = {D0F88E49-D010-46C3-A2FA-C99E9BE81227}
		{98406550-E9D7-4141-BD1A-4D7954ABE9B6} = {98406550-E9D7-4141-BD1A-4D7954ABE9B6}
		{9436A465-71E7-4FED-BC52-960F412CDB4D} = {9436A465-71E7-4FED-BC52-960F412CDB4D}
		{2F242683-ED5C-4DA3-97F1-D361DACFECEA} = {2F242683-ED5C-4DA3-97F1-D361DACFECEA}
		{544C5397-0455-4144-A8F8-3B487C75C3B6} = {544C5397-0455-4144-A8F8-3B487C75C3B6}
		{69BBE6A5-6098-4644-AFE1-BA22E68E0804} = {69BBE6A5-6098-4644-AFE1-BA22E68E0804}
		{4C4349C6-8891-41CE-BACF-F55F4C276572} = {4C4349C6-8891-41CE-BACF-F55F4C276572}
		{3FEC91CB-76D6-4D14-90E5-535F5F50BE96} = {3FEC91CB-76D6-4D14-90E5-535F5F50BE96}
		{DF9415D5-756C-4A9A-B892-163B5AE6EA6B} = {DF9415D5-756C-4A9A-B892-163B5AE6EA6B}
		{4BDDA6F2-7BEE-4CEB-893D-9C40568F0237} = {4BDDA6F2-7BEE-4CEB-893D-9C40568F0237}
		{037C72F7-1568-4117-B8CB-4D1C66A99BE2} = {037C72F7-1568-4117-B8CB-4D1C66A99BE2}
		{69CB0AF9-1B1F-4B4A-A05E-0A50CF55B12E} = {69CB0AF9-1B1F-4B4A-A05E-0A50CF55B12E}
	EndProjectSection
EndProject
Global
	GlobalSection(SolutionConfigurationPlatforms) = preSolution
		SP2016Debug|Any CPU = SP2016Debug|Any CPU
		SP2016Release|Any CPU = SP2016Release|Any CPU
		SP2019Debug|Any CPU = SP2019Debug|Any CPU
		SP2019Release|Any CPU = SP2019Release|Any CPU
	EndGlobalSection
	GlobalSection(ProjectConfigurationPlatforms) = postSolution
		{69BBE6A5-6098-4644-AFE1-BA22E68E0804}.SP2016Debug|Any CPU.ActiveCfg = Debug|Any CPU
		{69BBE6A5-6098-4644-AFE1-BA22E68E0804}.SP2016Debug|Any CPU.Build.0 = Debug|Any CPU
		{69BBE6A5-6098-4644-AFE1-BA22E68E0804}.SP2016Release|Any CPU.ActiveCfg = Release|Any CPU
		{69BBE6A5-6098-4644-AFE1-BA22E68E0804}.SP2016Release|Any CPU.Build.0 = Release|Any CPU
		{69BBE6A5-6098-4644-AFE1-BA22E68E0804}.SP2019Debug|Any CPU.ActiveCfg = Debug|Any CPU
		{69BBE6A5-6098-4644-AFE1-BA22E68E0804}.SP2019Debug|Any CPU.Build.0 = Debug|Any CPU
		{69BBE6A5-6098-4644-AFE1-BA22E68E0804}.SP2019Release|Any CPU.ActiveCfg = Release|Any CPU
		{69BBE6A5-6098-4644-AFE1-BA22E68E0804}.SP2019Release|Any CPU.Build.0 = Release|Any CPU
		{9436A465-71E7-4FED-BC52-960F412CDB4D}.SP2016Debug|Any CPU.ActiveCfg = Debug|Any CPU
		{9436A465-71E7-4FED-BC52-960F412CDB4D}.SP2016Debug|Any CPU.Build.0 = Debug|Any CPU
		{9436A465-71E7-4FED-BC52-960F412CDB4D}.SP2016Release|Any CPU.ActiveCfg = Release|Any CPU
		{9436A465-71E7-4FED-BC52-960F412CDB4D}.SP2016Release|Any CPU.Build.0 = Release|Any CPU
		{9436A465-71E7-4FED-BC52-960F412CDB4D}.SP2019Debug|Any CPU.ActiveCfg = Debug|Any CPU
		{9436A465-71E7-4FED-BC52-960F412CDB4D}.SP2019Debug|Any CPU.Build.0 = Debug|Any CPU
		{9436A465-71E7-4FED-BC52-960F412CDB4D}.SP2019Release|Any CPU.ActiveCfg = Release|Any CPU
		{9436A465-71E7-4FED-BC52-960F412CDB4D}.SP2019Release|Any CPU.Build.0 = Release|Any CPU
		{037C72F7-1568-4117-B8CB-4D1C66A99BE2}.SP2016Debug|Any CPU.ActiveCfg = Debug|Any CPU
		{037C72F7-1568-4117-B8CB-4D1C66A99BE2}.SP2016Debug|Any CPU.Build.0 = Debug|Any CPU
		{037C72F7-1568-4117-B8CB-4D1C66A99BE2}.SP2016Release|Any CPU.ActiveCfg = Release|Any CPU
		{037C72F7-1568-4117-B8CB-4D1C66A99BE2}.SP2016Release|Any CPU.Build.0 = Release|Any CPU
		{037C72F7-1568-4117-B8CB-4D1C66A99BE2}.SP2019Debug|Any CPU.ActiveCfg = Debug|Any CPU
		{037C72F7-1568-4117-B8CB-4D1C66A99BE2}.SP2019Debug|Any CPU.Build.0 = Debug|Any CPU
		{037C72F7-1568-4117-B8CB-4D1C66A99BE2}.SP2019Release|Any CPU.ActiveCfg = Release|Any CPU
		{037C72F7-1568-4117-B8CB-4D1C66A99BE2}.SP2019Release|Any CPU.Build.0 = Release|Any CPU
		{4BDDA6F2-7BEE-4CEB-893D-9C40568F0237}.SP2016Debug|Any CPU.ActiveCfg = SP2016Debug|Any CPU
		{4BDDA6F2-7BEE-4CEB-893D-9C40568F0237}.SP2016Debug|Any CPU.Build.0 = SP2016Debug|Any CPU
		{4BDDA6F2-7BEE-4CEB-893D-9C40568F0237}.SP2016Release|Any CPU.ActiveCfg = SP2016Release|Any CPU
		{4BDDA6F2-7BEE-4CEB-893D-9C40568F0237}.SP2016Release|Any CPU.Build.0 = SP2016Release|Any CPU
		{4BDDA6F2-7BEE-4CEB-893D-9C40568F0237}.SP2019Debug|Any CPU.ActiveCfg = SP2019Debug|Any CPU
		{4BDDA6F2-7BEE-4CEB-893D-9C40568F0237}.SP2019Debug|Any CPU.Build.0 = SP2019Debug|Any CPU
		{4BDDA6F2-7BEE-4CEB-893D-9C40568F0237}.SP2019Release|Any CPU.ActiveCfg = SP2019Release|Any CPU
		{4BDDA6F2-7BEE-4CEB-893D-9C40568F0237}.SP2019Release|Any CPU.Build.0 = SP2019Release|Any CPU
		{98406550-E9D7-4141-BD1A-4D7954ABE9B6}.SP2016Debug|Any CPU.ActiveCfg = SP2016Debug|Any CPU
		{98406550-E9D7-4141-BD1A-4D7954ABE9B6}.SP2016Debug|Any CPU.Build.0 = SP2016Debug|Any CPU
		{98406550-E9D7-4141-BD1A-4D7954ABE9B6}.SP2016Release|Any CPU.ActiveCfg = SP2016Release|Any CPU
		{98406550-E9D7-4141-BD1A-4D7954ABE9B6}.SP2016Release|Any CPU.Build.0 = SP2016Release|Any CPU
		{98406550-E9D7-4141-BD1A-4D7954ABE9B6}.SP2019Debug|Any CPU.ActiveCfg = SP2019Debug|Any CPU
		{98406550-E9D7-4141-BD1A-4D7954ABE9B6}.SP2019Debug|Any CPU.Build.0 = SP2019Debug|Any CPU
		{98406550-E9D7-4141-BD1A-4D7954ABE9B6}.SP2019Release|Any CPU.ActiveCfg = SP2019Release|Any CPU
		{98406550-E9D7-4141-BD1A-4D7954ABE9B6}.SP2019Release|Any CPU.Build.0 = SP2019Release|Any CPU
		{3FEC91CB-76D6-4D14-90E5-535F5F50BE96}.SP2016Debug|Any CPU.ActiveCfg = SP2016Debug|Any CPU
		{3FEC91CB-76D6-4D14-90E5-535F5F50BE96}.SP2016Debug|Any CPU.Build.0 = SP2016Debug|Any CPU
		{3FEC91CB-76D6-4D14-90E5-535F5F50BE96}.SP2016Release|Any CPU.ActiveCfg = SP2016Release|Any CPU
		{3FEC91CB-76D6-4D14-90E5-535F5F50BE96}.SP2016Release|Any CPU.Build.0 = SP2016Release|Any CPU
		{3FEC91CB-76D6-4D14-90E5-535F5F50BE96}.SP2019Debug|Any CPU.ActiveCfg = SP2019Debug|Any CPU
		{3FEC91CB-76D6-4D14-90E5-535F5F50BE96}.SP2019Debug|Any CPU.Build.0 = SP2019Debug|Any CPU
		{3FEC91CB-76D6-4D14-90E5-535F5F50BE96}.SP2019Release|Any CPU.ActiveCfg = SP2019Release|Any CPU
		{3FEC91CB-76D6-4D14-90E5-535F5F50BE96}.SP2019Release|Any CPU.Build.0 = SP2019Release|Any CPU
		{4C4349C6-8891-41CE-BACF-F55F4C276572}.SP2016Debug|Any CPU.ActiveCfg = SP2016Debug|Any CPU
		{4C4349C6-8891-41CE-BACF-F55F4C276572}.SP2016Debug|Any CPU.Build.0 = SP2016Debug|Any CPU
		{4C4349C6-8891-41CE-BACF-F55F4C276572}.SP2016Release|Any CPU.ActiveCfg = SP2016Release|Any CPU
		{4C4349C6-8891-41CE-BACF-F55F4C276572}.SP2016Release|Any CPU.Build.0 = SP2016Release|Any CPU
		{4C4349C6-8891-41CE-BACF-F55F4C276572}.SP2019Debug|Any CPU.ActiveCfg = SP2019Debug|Any CPU
		{4C4349C6-8891-41CE-BACF-F55F4C276572}.SP2019Debug|Any CPU.Build.0 = SP2019Debug|Any CPU
		{4C4349C6-8891-41CE-BACF-F55F4C276572}.SP2019Release|Any CPU.ActiveCfg = SP2019Release|Any CPU
		{4C4349C6-8891-41CE-BACF-F55F4C276572}.SP2019Release|Any CPU.Build.0 = SP2019Release|Any CPU
		{544C5397-0455-4144-A8F8-3B487C75C3B6}.SP2016Debug|Any CPU.ActiveCfg = SP2016Debug|Any CPU
		{544C5397-0455-4144-A8F8-3B487C75C3B6}.SP2016Debug|Any CPU.Build.0 = SP2016Debug|Any CPU
		{544C5397-0455-4144-A8F8-3B487C75C3B6}.SP2016Release|Any CPU.ActiveCfg = SP2016Release|Any CPU
		{544C5397-0455-4144-A8F8-3B487C75C3B6}.SP2016Release|Any CPU.Build.0 = SP2016Release|Any CPU
		{544C5397-0455-4144-A8F8-3B487C75C3B6}.SP2019Debug|Any CPU.ActiveCfg = SP2019Debug|Any CPU
		{544C5397-0455-4144-A8F8-3B487C75C3B6}.SP2019Debug|Any CPU.Build.0 = SP2019Debug|Any CPU
		{544C5397-0455-4144-A8F8-3B487C75C3B6}.SP2019Release|Any CPU.ActiveCfg = SP2019Release|Any CPU
		{544C5397-0455-4144-A8F8-3B487C75C3B6}.SP2019Release|Any CPU.Build.0 = SP2019Release|Any CPU
		{D0F88E49-D010-46C3-A2FA-C99E9BE81227}.SP2016Debug|Any CPU.ActiveCfg = SP2016Debug|Any CPU
		{D0F88E49-D010-46C3-A2FA-C99E9BE81227}.SP2016Debug|Any CPU.Build.0 = SP2016Debug|Any CPU
		{D0F88E49-D010-46C3-A2FA-C99E9BE81227}.SP2016Release|Any CPU.ActiveCfg = SP2016Release|Any CPU
		{D0F88E49-D010-46C3-A2FA-C99E9BE81227}.SP2016Release|Any CPU.Build.0 = SP2016Release|Any CPU
		{D0F88E49-D010-46C3-A2FA-C99E9BE81227}.SP2019Debug|Any CPU.ActiveCfg = SP2019Debug|Any CPU
		{D0F88E49-D010-46C3-A2FA-C99E9BE81227}.SP2019Debug|Any CPU.Build.0 = SP2019Debug|Any CPU
		{D0F88E49-D010-46C3-A2FA-C99E9BE81227}.SP2019Release|Any CPU.ActiveCfg = SP2019Release|Any CPU
		{D0F88E49-D010-46C3-A2FA-C99E9BE81227}.SP2019Release|Any CPU.Build.0 = SP2019Release|Any CPU
		{69CB0AF9-1B1F-4B4A-A05E-0A50CF55B12E}.SP2016Debug|Any CPU.ActiveCfg = SP2016Debug|Any CPU
		{69CB0AF9-1B1F-4B4A-A05E-0A50CF55B12E}.SP2016Debug|Any CPU.Build.0 = SP2016Debug|Any CPU
		{69CB0AF9-1B1F-4B4A-A05E-0A50CF55B12E}.SP2016Release|Any CPU.ActiveCfg = SP2016Release|Any CPU
		{69CB0AF9-1B1F-4B4A-A05E-0A50CF55B12E}.SP2016Release|Any CPU.Build.0 = SP2016Release|Any CPU
		{69CB0AF9-1B1F-4B4A-A05E-0A50CF55B12E}.SP2019Debug|Any CPU.ActiveCfg = SP2019Debug|Any CPU
		{69CB0AF9-1B1F-4B4A-A05E-0A50CF55B12E}.SP2019Debug|Any CPU.Build.0 = SP2019Debug|Any CPU
		{69CB0AF9-1B1F-4B4A-A05E-0A50CF55B12E}.SP2019Release|Any CPU.ActiveCfg = SP2019Release|Any CPU
		{69CB0AF9-1B1F-4B4A-A05E-0A50CF55B12E}.SP2019Release|Any CPU.Build.0 = SP2019Release|Any CPU
		{2F242683-ED5C-4DA3-97F1-D361DACFECEA}.SP2016Debug|Any CPU.ActiveCfg = SP2016Debug|Any CPU
		{2F242683-ED5C-4DA3-97F1-D361DACFECEA}.SP2016Debug|Any CPU.Build.0 = SP2016Debug|Any CPU
		{2F242683-ED5C-4DA3-97F1-D361DACFECEA}.SP2016Release|Any CPU.ActiveCfg = SP2016Release|Any CPU
		{2F242683-ED5C-4DA3-97F1-D361DACFECEA}.SP2016Release|Any CPU.Build.0 = SP2016Release|Any CPU
		{2F242683-ED5C-4DA3-97F1-D361DACFECEA}.SP2019Debug|Any CPU.ActiveCfg = SP2019Debug|Any CPU
		{2F242683-ED5C-4DA3-97F1-D361DACFECEA}.SP2019Debug|Any CPU.Build.0 = SP2019Debug|Any CPU
		{2F242683-ED5C-4DA3-97F1-D361DACFECEA}.SP2019Release|Any CPU.ActiveCfg = SP2019Release|Any CPU
		{2F242683-ED5C-4DA3-97F1-D361DACFECEA}.SP2019Release|Any CPU.Build.0 = SP2019Release|Any CPU
		{A136CB01-C788-4CEB-94F0-2847AF736492}.SP2016Debug|Any CPU.ActiveCfg = SP2016Debug|Any CPU
		{A136CB01-C788-4CEB-94F0-2847AF736492}.SP2016Debug|Any CPU.Build.0 = SP2016Debug|Any CPU
		{A136CB01-C788-4CEB-94F0-2847AF736492}.SP2016Release|Any CPU.ActiveCfg = SP2016Release|Any CPU
		{A136CB01-C788-4CEB-94F0-2847AF736492}.SP2016Release|Any CPU.Build.0 = SP2016Release|Any CPU
		{A136CB01-C788-4CEB-94F0-2847AF736492}.SP2019Debug|Any CPU.ActiveCfg = SP2019Debug|Any CPU
		{A136CB01-C788-4CEB-94F0-2847AF736492}.SP2019Debug|Any CPU.Build.0 = SP2019Debug|Any CPU
		{A136CB01-C788-4CEB-94F0-2847AF736492}.SP2019Release|Any CPU.ActiveCfg = SP2019Release|Any CPU
		{A136CB01-C788-4CEB-94F0-2847AF736492}.SP2019Release|Any CPU.Build.0 = SP2019Release|Any CPU
		{DF9415D5-756C-4A9A-B892-163B5AE6EA6B}.SP2016Debug|Any CPU.ActiveCfg = SP2016Debug|Any CPU
		{DF9415D5-756C-4A9A-B892-163B5AE6EA6B}.SP2016Debug|Any CPU.Build.0 = SP2016Debug|Any CPU
		{DF9415D5-756C-4A9A-B892-163B5AE6EA6B}.SP2016Release|Any CPU.ActiveCfg = SP2016Release|Any CPU
		{DF9415D5-756C-4A9A-B892-163B5AE6EA6B}.SP2016Release|Any CPU.Build.0 = SP2016Release|Any CPU
		{DF9415D5-756C-4A9A-B892-163B5AE6EA6B}.SP2019Debug|Any CPU.ActiveCfg = SP2019Debug|Any CPU
		{DF9415D5-756C-4A9A-B892-163B5AE6EA6B}.SP2019Debug|Any CPU.Build.0 = SP2019Debug|Any CPU
		{DF9415D5-756C-4A9A-B892-163B5AE6EA6B}.SP2019Release|Any CPU.ActiveCfg = SP2019Release|Any CPU
		{DF9415D5-756C-4A9A-B892-163B5AE6EA6B}.SP2019Release|Any CPU.Build.0 = SP2019Release|Any CPU
		{EC31097C-4958-4547-9E6F-AEDA5D1B2AAA}.SP2016Debug|Any CPU.ActiveCfg = SP2016Debug|Any CPU
		{EC31097C-4958-4547-9E6F-AEDA5D1B2AAA}.SP2016Debug|Any CPU.Build.0 = SP2016Debug|Any CPU
		{EC31097C-4958-4547-9E6F-AEDA5D1B2AAA}.SP2016Release|Any CPU.ActiveCfg = SP2016Release|Any CPU
		{EC31097C-4958-4547-9E6F-AEDA5D1B2AAA}.SP2016Release|Any CPU.Build.0 = SP2016Release|Any CPU
		{EC31097C-4958-4547-9E6F-AEDA5D1B2AAA}.SP2019Debug|Any CPU.ActiveCfg = SP2019Debug|Any CPU
		{EC31097C-4958-4547-9E6F-AEDA5D1B2AAA}.SP2019Debug|Any CPU.Build.0 = SP2019Debug|Any CPU
		{EC31097C-4958-4547-9E6F-AEDA5D1B2AAA}.SP2019Release|Any CPU.ActiveCfg = SP2019Release|Any CPU
		{EC31097C-4958-4547-9E6F-AEDA5D1B2AAA}.SP2019Release|Any CPU.Build.0 = SP2019Release|Any CPU
		{9AA022EB-20E7-4119-823C-BF03A9B95873}.SP2016Debug|Any CPU.ActiveCfg = SP2016Debug|Any CPU
		{9AA022EB-20E7-4119-823C-BF03A9B95873}.SP2016Debug|Any CPU.Build.0 = SP2016Debug|Any CPU
		{9AA022EB-20E7-4119-823C-BF03A9B95873}.SP2016Debug|Any CPU.Deploy.0 = SP2016Debug|Any CPU
		{9AA022EB-20E7-4119-823C-BF03A9B95873}.SP2016Release|Any CPU.ActiveCfg = SP2016Release|Any CPU
		{9AA022EB-20E7-4119-823C-BF03A9B95873}.SP2016Release|Any CPU.Build.0 = SP2016Release|Any CPU
		{9AA022EB-20E7-4119-823C-BF03A9B95873}.SP2016Release|Any CPU.Deploy.0 = SP2016Release|Any CPU
		{9AA022EB-20E7-4119-823C-BF03A9B95873}.SP2019Debug|Any CPU.ActiveCfg = SP2019Debug|Any CPU
		{9AA022EB-20E7-4119-823C-BF03A9B95873}.SP2019Debug|Any CPU.Build.0 = SP2019Debug|Any CPU
		{9AA022EB-20E7-4119-823C-BF03A9B95873}.SP2019Debug|Any CPU.Deploy.0 = SP2019Debug|Any CPU
		{9AA022EB-20E7-4119-823C-BF03A9B95873}.SP2019Release|Any CPU.ActiveCfg = SP2019Release|Any CPU
		{9AA022EB-20E7-4119-823C-BF03A9B95873}.SP2019Release|Any CPU.Build.0 = SP2019Release|Any CPU
		{9AA022EB-20E7-4119-823C-BF03A9B95873}.SP2019Release|Any CPU.Deploy.0 = SP2019Release|Any CPU
	EndGlobalSection
	GlobalSection(SolutionProperties) = preSolution
		HideSolutionNode = FALSE
	EndGlobalSection
	GlobalSection(ExtensibilityGlobals) = postSolution
		SolutionGuid = {9E8671FA-0C32-45E3-9408-DF7D5498A9B5}
	EndGlobalSection
EndGlobal
